
Microsoft Visual Studio Solution File, Format Version 12.00
# Visual Studio Version 16
VisualStudioVersion = 16.0.31019.35
MinimumVisualStudioVersion = 10.0.40219.1
Project("{FAE04EC0-301F-11D3-BF4B-00C04F79EFBC}") = "Project_Pharmacy", "Project_Pharmacy\Project_Pharmacy.csproj", "{7954FA51-A784-4674-8CAF-DB27FE17CCB0}"
EndProject
Global
	GlobalSection(SolutionConfigurationPlatforms) = preSolution
		Debug|Any CPU = Debug|Any CPU
		Release|Any CPU = Release|Any CPU
	EndGlobalSection
	GlobalSection(ProjectConfigurationPlatforms) = postSolution
		{7954FA51-A784-4674-8CAF-DB27FE17CCB0}.Debug|Any CPU.ActiveCfg = Debug|Any CPU
		{7954FA51-A784-4674-8CAF-DB27FE17CCB0}.Debug|Any CPU.Build.0 = Debug|Any CPU
		{7954FA51-A784-4674-8CAF-DB27FE17CCB0}.Release|Any CPU.ActiveCfg = Release|Any CPU
		{7954FA51-A784-4674-8CAF-DB27FE17CCB0}.Release|Any CPU.Build.0 = Release|Any CPU
	EndGlobalSection
	GlobalSection(SolutionProperties) = preSolution
		HideSolutionNode = FALSE
	EndGlobalSection
	GlobalSection(ExtensibilityGlobals) = postSolution
		SolutionGuid = {0D47A7FA-E548-45E3-B62F-52757589514A}
	EndGlobalSection
EndGlobal
